
Microsoft Visual Studio Solution File, Format Version 12.00
# Visual Studio Version 17
VisualStudioVersion = 17.0.31903.59
MinimumVisualStudioVersion = 10.0.40219.1
Project("{2150E333-8FDC-42A3-9474-1A3956D46DE8}") = "src", "src", "{FB91C32D-CC79-4772-93D9-A4A6A2787462}"
EndProject
Project("{FAE04EC0-301F-11D3-BF4B-00C04F79EFBC}") = "RealBhopCS2", "src\RealBhopCS2\RealBhopCS2.csproj", "{4D784646-E854-4036-A52B-FF5DD47D4A7B}"
EndProject
Project("{2150E333-8FDC-42A3-9474-1A3956D46DE8}") = "tests", "tests", "{AEEF9E3D-0519-4B91-86A6-0C3861504909}"
EndProject
Project("{FAE04EC0-301F-11D3-BF4B-00C04F79EFBC}") = "RealBhopCS2.Tests", "tests\RealBhopCS2.Tests\RealBhopCS2.Tests.csproj", "{816E682E-680F-4956-9E08-0AB28238BD6D}"
EndProject
Global
	GlobalSection(SolutionConfigurationPlatforms) = preSolution
		Debug|Any CPU = Debug|Any CPU
		Release|Any CPU = Release|Any CPU
	EndGlobalSection
	GlobalSection(SolutionProperties) = preSolution
		HideSolutionNode = FALSE
	EndGlobalSection
	GlobalSection(ProjectConfigurationPlatforms) = postSolution
		{4D784646-E854-4036-A52B-FF5DD47D4A7B}.Debug|Any CPU.ActiveCfg = Debug|Any CPU
		{4D784646-E854-4036-A52B-FF5DD47D4A7B}.Debug|Any CPU.Build.0 = Debug|Any CPU
		{4D784646-E854-4036-A52B-FF5DD47D4A7B}.Release|Any CPU.ActiveCfg = Release|Any CPU
		{4D784646-E854-4036-A52B-FF5DD47D4A7B}.Release|Any CPU.Build.0 = Release|Any CPU
		{816E682E-680F-4956-9E08-0AB28238BD6D}.Debug|Any CPU.ActiveCfg = Debug|Any CPU
		{816E682E-680F-4956-9E08-0AB28238BD6D}.Debug|Any CPU.Build.0 = Debug|Any CPU
		{816E682E-680F-4956-9E08-0AB28238BD6D}.Release|Any CPU.ActiveCfg = Release|Any CPU
		{816E682E-680F-4956-9E08-0AB28238BD6D}.Release|Any CPU.Build.0 = Release|Any CPU
	EndGlobalSection
	GlobalSection(NestedProjects) = preSolution
		{4D784646-E854-4036-A52B-FF5DD47D4A7B} = {FB91C32D-CC79-4772-93D9-A4A6A2787462}
		{816E682E-680F-4956-9E08-0AB28238BD6D} = {AEEF9E3D-0519-4B91-86A6-0C3861504909}
	EndGlobalSection
EndGlobal
